{
  "name": "actions-auto-dependabot",
  "version": "1.0.0",
  "lockfileVersion": 1,
  "requires": true,
  "dependencies": {
    "bower": {
      "version": "1.8.14",
      "resolved": "https://registry.npmjs.org/bower/-/bower-1.8.14.tgz",
      "integrity": "sha512-8Rq058FD91q9Nwthyhw0la9fzpBz0iwZTrt51LWl+w+PnJgZk9J+5wp3nibsJcIUPglMYXr4NRBaR+TUj0OkBQ==",
      "dev": true
    },
    "requirejs": {
      "version": "2.3.0",
      "resolved": "https://registry.npmjs.org/requirejs/-/requirejs-2.3.0.tgz",
      "integrity": "sha512-QJEkQSNNBPB0WwIQwBIQgZRIsa07XN8salrTKv1cOGWcN7AUJE8ot1wiwpdsZK3rN2pMWiilJCN7A2tiB6VYHA==",
      "dev": true
    }
  }
}
