{
  "name": "package-b",
  "version": "1.0.0",
  "lockfileVersion": 3,
  "requires": true,
  "packages": {
    "": {
      "name": "package-b",
      "version": "1.0.0",
      "dependencies": {
        "axios": "0.21.2",
        "jquery": "2.2.2",
        "left-pad": "1.0.2",
        "lodash": "1.1.1",
        "node-fetch": "2.6.9"
      },
      "devDependencies": {
        "bower": "1.8.14",
        "requirejs": "2.3.0"
      }
    },
    "node_modules/axios": {
      "version": "0.21.2",
      "resolved": "https://registry.npmjs.org/axios/-/axios-0.21.2.tgz",
      "integrity": "sha512-87otirqUw3e8CzHTMO+/9kh/FSgXt/eVDvipijwDtEuwbkySWZ9SBm6VEubmJ/kLKEoLQV/POhxXFb66bfekfg==",
      "dependencies": {
        "follow-redirects": "^1.14.0"
      }
    },
    "node_modules/bower": {
      "version": "1.8.14",
      "resolved": "https://registry.npmjs.org/bower/-/bower-1.8.14.tgz",
      "integrity": "sha512-8Rq058FD91q9Nwthyhw0la9fzpBz0iwZTrt51LWl+w+PnJgZk9J+5wp3nibsJcIUPglMYXr4NRBaR+TUj0OkBQ==",
      "dev": true,
      "bin": {
        "bower": "bin/bower"
      },
      "engines": {
        "node": ">=0.10.0"
      }
    },
    "node_modules/follow-redirects": {
      "version": "1.15.2",
      "resolved": "https://registry.npmjs.org/follow-redirects/-/follow-redirects-1.15.2.tgz",
      "integrity": "sha512-VQLG33o04KaQ8uYi2tVNbdrWp1QWxNNea+nmIB4EVM28v0hmP17z7aG1+wAkNzVq4KeXTq3221ye5qTJP91JwA==",
      "funding": [
        {
          "type": "individual",
          "url": "https://github.com/sponsors/RubenVerborgh"
        }
      ],
      "engines": {
        "node": ">=4.0"
      },
      "peerDependenciesMeta": {
        "debug": {
          "optional": true
        }
      }
    },
    "node_modules/jquery": {
      "version": "2.2.2",
      "resolved": "https://registry.npmjs.org/jquery/-/jquery-2.2.2.tgz",
      "integrity": "sha512-D7eqvNhFca7JVGdcnyKhVdCsNgMGev8mC295EIaLKq8Xp5u4UPkEhIYJD2ceO968J9EqaTqUPlJFba+Y9pCBOA=="
    },
    "node_modules/left-pad": {
      "version": "1.0.2",
      "resolved": "https://registry.npmjs.org/left-pad/-/left-pad-1.0.2.tgz",
      "integrity": "sha512-i+siCE/qH/g/aFBfv9alTWzGetfoI8pw4mT4L4DA1kcCZwxnLzCpW5W96BmcNZvSsEStD0mn3NInNjp+CXb1lw==",
      "deprecated": "use String.prototype.padStart()"
    },
    "node_modules/lodash": {
      "version": "1.1.1",
      "resolved": "https://registry.npmjs.org/lodash/-/lodash-1.1.1.tgz",
      "integrity": "sha512-SFeNKyKPh4kvYv0yd95fwLKw4JXM45PJLsPRdA8v7/q0lBzFeK6XS8xJTl6mlhb8PbAzioMkHli1W/1g0y4XQQ==",
      "engines": [
        "node",
        "rhino"
      ]
    },
    "node_modules/node-fetch": {
      "version": "2.6.9",
      "resolved": "https://registry.npmjs.org/node-fetch/-/node-fetch-2.6.9.tgz",
      "integrity": "sha512-DJm/CJkZkRjKKj4Zi4BsKVZh3ValV5IR5s7LVZnW+6YMh0W1BfNA8XSs6DLMGYlId5F3KnA70uu2qepcR08Qqg==",
      "dependencies": {
        "whatwg-url": "^5.0.0"
      },
      "engines": {
        "node": "4.x || >=6.0.0"
      },
      "peerDependencies": {
        "encoding": "^0.1.0"
      },
      "peerDependenciesMeta": {
        "encoding": {
          "optional": true
        }
      }
    },
    "node_modules/requirejs": {
      "version": "2.3.0",
      "resolved": "https://registry.npmjs.org/requirejs/-/requirejs-2.3.0.tgz",
      "integrity": "sha512-QJEkQSNNBPB0WwIQwBIQgZRIsa07XN8salrTKv1cOGWcN7AUJE8ot1wiwpdsZK3rN2pMWiilJCN7A2tiB6VYHA==",
      "dev": true,
      "bin": {
        "r_js": "bin/r.js",
        "r.js": "bin/r.js"
      },
      "engines": {
        "node": ">=0.4.0"
      }
    },
    "node_modules/tr46": {
      "version": "0.0.3",
      "resolved": "https://registry.npmjs.org/tr46/-/tr46-0.0.3.tgz",
      "integrity": "sha512-N3WMsuqV66lT30CrXNbEjx4GEwlow3v6rr4mCcv6prnfwhS01rkgyFdjPNBYd9br7LpXV1+Emh01fHnq2Gdgrw=="
    },
    "node_modules/webidl-conversions": {
      "version": "3.0.1",
      "resolved": "https://registry.npmjs.org/webidl-conversions/-/webidl-conversions-3.0.1.tgz",
      "integrity": "sha512-2JAn3z8AR6rjK8Sm8orRC0h/bcl/DqL7tRPdGZ4I1CjdF+EaMLmYxBHyXuKL849eucPFhvBoxMsflfOb8kxaeQ=="
    },
    "node_modules/whatwg-url": {
      "version": "5.0.0",
      "resolved": "https://registry.npmjs.org/whatwg-url/-/whatwg-url-5.0.0.tgz",
      "integrity": "sha512-saE57nupxk6v3HY35+jzBwYa0rKSy0XR8JSxZPwgLr7ys0IBzhGviA1/TUGJLmSVqs8pb9AnvICXEuOHLprYTw==",
      "dependencies": {
        "tr46": "~0.0.3",
        "webidl-conversions": "^3.0.0"
      }
    }
  }
}
